
Microsoft Visual Studio Solution File, Format Version 12.00
# Visual Studio Version 17
VisualStudioVersion = 17.0.31919.166
MinimumVisualStudioVersion = 10.0.40219.1
Project("{FAE04EC0-301F-11D3-BF4B-00C04F79EFBC}") = "CodeTest", "CodeTest.csproj", "{0F81E823-DEEB-42D7-9322-1DEC60A2D745}"
EndProject
Global
	GlobalSection(SolutionConfigurationPlatforms) = preSolution
		Debug|Any CPU = Debug|Any CPU
		Release|Any CPU = Release|Any CPU
	EndGlobalSection
	GlobalSection(ProjectConfigurationPlatforms) = postSolution
		{0F81E823-DEEB-42D7-9322-1DEC60A2D745}.Debug|Any CPU.ActiveCfg = Debug|Any CPU
		{0F81E823-DEEB-42D7-9322-1DEC60A2D745}.Debug|Any CPU.Build.0 = Debug|Any CPU
		{0F81E823-DEEB-42D7-9322-1DEC60A2D745}.Release|Any CPU.ActiveCfg = Release|Any CPU
		{0F81E823-DEEB-42D7-9322-1DEC60A2D745}.Release|Any CPU.Build.0 = Release|Any CPU
	EndGlobalSection
	GlobalSection(SolutionProperties) = preSolution
		HideSolutionNode = FALSE
	EndGlobalSection
	GlobalSection(ExtensibilityGlobals) = postSolution
		SolutionGuid = {001511A2-B552-409E-97DF-41458C767305}
	EndGlobalSection
EndGlobal
